
Microsoft Visual Studio Solution File, Format Version 12.00
Project("{FAE04EC0-301F-11D3-BF4B-00C04F79EFBC}") = "Eventuous", "src\Core\src\Eventuous\Eventuous.csproj", "{7494C655-CC42-447C-A2D3-97408F17CCC1}"
EndProject
Project("{FAE04EC0-301F-11D3-BF4B-00C04F79EFBC}") = "Eventuous.Projections.MongoDB", "src\Mongo\src\Eventuous.Projections.MongoDB\Eventuous.Projections.MongoDB.csproj", "{0649460A-DE39-4AD4-996A-7104E28C68FB}"
EndProject
Project("{2150E333-8FDC-42A3-9474-1A3956D46DE8}") = "Tests", "Tests", "{C60C6094-2A03-45B6-AB33-C514C35DF823}"
EndProject
Project("{FAE04EC0-301F-11D3-BF4B-00C04F79EFBC}") = "Eventuous.Tests", "src\Core\test\Eventuous.Tests\Eventuous.Tests.csproj", "{BD44B15F-4131-4A59-B17E-1E2E81D81B86}"
EndProject
Project("{FAE04EC0-301F-11D3-BF4B-00C04F79EFBC}") = "Eventuous.Subscriptions", "src\Core\src\Eventuous.Subscriptions\Eventuous.Subscriptions.csproj", "{D89AB806-DD31-428F-917D-924134A4E4D7}"
EndProject
Project("{FAE04EC0-301F-11D3-BF4B-00C04F79EFBC}") = "Eventuous.Producers", "src\Core\src\Eventuous.Producers\Eventuous.Producers.csproj", "{B15AE3DB-46D6-4E6D-A978-E3497DB2AEFA}"
EndProject
Project("{FAE04EC0-301F-11D3-BF4B-00C04F79EFBC}") = "Eventuous.Tests.GooglePubSub", "src\GooglePubSub\test\Eventuous.Tests.GooglePubSub\Eventuous.Tests.GooglePubSub.csproj", "{135075B3-AAE5-4C13-87F6-BF3ECF108B37}"
EndProject
Project("{FAE04EC0-301F-11D3-BF4B-00C04F79EFBC}") = "Eventuous.Sut.App", "test\Eventuous.Sut.App\Eventuous.Sut.App.csproj", "{151A0839-2B1F-49D6-B5DD-199A5FAAB610}"
EndProject
Project("{FAE04EC0-301F-11D3-BF4B-00C04F79EFBC}") = "Eventuous.Sut.Domain", "test\Eventuous.Sut.Domain\Eventuous.Sut.Domain.csproj", "{09805579-49ED-4B07-B498-047B00DEBCCF}"
EndProject
Project("{FAE04EC0-301F-11D3-BF4B-00C04F79EFBC}") = "Eventuous.EventStore", "src\EventStore\src\Eventuous.EventStore\Eventuous.EventStore.csproj", "{BE63EFFE-4F43-47C0-B91C-19C3FF3CE5D1}"
EndProject
Project("{FAE04EC0-301F-11D3-BF4B-00C04F79EFBC}") = "Eventuous.Tests.EventStore", "src\EventStore\test\Eventuous.Tests.EventStore\Eventuous.Tests.EventStore.csproj", "{D7E4AE22-6512-401D-A6FF-F607B458F439}"
EndProject
Project("{FAE04EC0-301F-11D3-BF4B-00C04F79EFBC}") = "Eventuous.Sut.Subs", "test\Eventuous.Sut.Subs\Eventuous.Sut.Subs.csproj", "{37E68C45-74AA-4103-A03A-BA8189873884}"
EndProject
Project("{2150E333-8FDC-42A3-9474-1A3956D46DE8}") = "EventStore", "EventStore", "{2B253525-27CB-4B9A-ABD3-2D30A85DA4F5}"
EndProject
Project("{2150E333-8FDC-42A3-9474-1A3956D46DE8}") = "src", "src", "{16DA7634-5696-49C2-BD9C-DC7F9BA3884F}"
EndProject
Project("{2150E333-8FDC-42A3-9474-1A3956D46DE8}") = "test", "test", "{B1FCA74B-2491-42F0-A948-A692B9D90312}"
EndProject
Project("{2150E333-8FDC-42A3-9474-1A3956D46DE8}") = "Core", "Core", "{240FB080-82CE-4ECA-BCA4-04F4FD6CDA92}"
EndProject
Project("{2150E333-8FDC-42A3-9474-1A3956D46DE8}") = "Mongo", "Mongo", "{4C265245-A432-4361-88B2-9A590A834527}"
EndProject
Project("{2150E333-8FDC-42A3-9474-1A3956D46DE8}") = "src", "src", "{7BBD9F8E-EB6A-4E2D-84A9-AF15C1784401}"
EndProject
Project("{2150E333-8FDC-42A3-9474-1A3956D46DE8}") = "test", "test", "{0ED6785B-60EF-46B4-B938-EF04189FC8BC}"
EndProject
Project("{2150E333-8FDC-42A3-9474-1A3956D46DE8}") = "src", "src", "{BCD7A6A8-C3BF-4ADA-8DA5-243B9053A839}"
EndProject
Project("{2150E333-8FDC-42A3-9474-1A3956D46DE8}") = "Gateway", "Gateway", "{55396859-0971-4980-9B7F-59A1A5BD2B29}"
EndProject
Project("{2150E333-8FDC-42A3-9474-1A3956D46DE8}") = "src", "src", "{AA3D3779-C490-47DE-857D-1CD8A9F6A354}"
EndProject
Project("{2150E333-8FDC-42A3-9474-1A3956D46DE8}") = "GooglePubSub", "GooglePubSub", "{2E59C5F8-3E5A-4450-B902-7648AD7ECC0F}"
EndProject
Project("{2150E333-8FDC-42A3-9474-1A3956D46DE8}") = "src", "src", "{A6762149-8450-468B-A28F-1D3F6E586247}"
EndProject
Project("{FAE04EC0-301F-11D3-BF4B-00C04F79EFBC}") = "Eventuous.GooglePubSub", "src\GooglePubSub\src\Eventuous.GooglePubSub\Eventuous.GooglePubSub.csproj", "{B07B30E3-0028-4068-AAF4-9E20DD35BA8D}"
EndProject
Project("{2150E333-8FDC-42A3-9474-1A3956D46DE8}") = "test", "test", "{FF3040AA-E5FD-4A34-8E3B-70BAED38A988}"
EndProject
Project("{2150E333-8FDC-42A3-9474-1A3956D46DE8}") = "RabbitMq", "RabbitMq", "{1970CA0D-C5E8-4384-8485-82D712289002}"
EndProject
Project("{2150E333-8FDC-42A3-9474-1A3956D46DE8}") = "src", "src", "{3F40E079-C493-47B1-B20A-9272732D6380}"
EndProject
Project("{2150E333-8FDC-42A3-9474-1A3956D46DE8}") = "test", "test", "{39A42904-D23D-4A2A-96E4-D762B7C83F78}"
EndProject
Project("{FAE04EC0-301F-11D3-BF4B-00C04F79EFBC}") = "Eventuous.RabbitMq", "src\RabbitMq\src\Eventuous.RabbitMq\Eventuous.RabbitMq.csproj", "{487F21BD-1B70-4BDD-B970-4A9DFBA99A65}"
EndProject
Project("{FAE04EC0-301F-11D3-BF4B-00C04F79EFBC}") = "Eventuous.Tests.RabbitMq", "src\RabbitMq\test\Eventuous.Tests.RabbitMq\Eventuous.Tests.RabbitMq.csproj", "{0BE1EE5E-3E12-48C4-8510-9A08C6E0872D}"
EndProject
Project("{2150E333-8FDC-42A3-9474-1A3956D46DE8}") = "test", "test", "{C2C31C86-828F-4DBF-8EDA-C312C7BBB54B}"
EndProject
Project("{FAE04EC0-301F-11D3-BF4B-00C04F79EFBC}") = "Eventuous.Tests.Subscriptions", "src\Core\test\Eventuous.Tests.Subscriptions\Eventuous.Tests.Subscriptions.csproj", "{8E74DA60-D1DA-45D1-83C5-2F7262E6D342}"
EndProject
Project("{2150E333-8FDC-42A3-9474-1A3956D46DE8}") = "test", "test", "{AD2B23E1-0CD1-44B5-82C3-64CA12841885}"
EndProject
Project("{2150E333-8FDC-42A3-9474-1A3956D46DE8}") = "Diagnostics", "Diagnostics", "{8A48774A-3D8A-412B-AA4C-6FFB878E3053}"
EndProject
Project("{2150E333-8FDC-42A3-9474-1A3956D46DE8}") = "src", "src", "{A627C63B-8F19-4434-AC3E-D8AA012CB04A}"
EndProject
Project("{FAE04EC0-301F-11D3-BF4B-00C04F79EFBC}") = "Eventuous.Diagnostics", "src\Diagnostics\src\Eventuous.Diagnostics\Eventuous.Diagnostics.csproj", "{D2F96634-E2F4-4BFB-8C31-DC396C8B13F6}"
EndProject
Project("{FAE04EC0-301F-11D3-BF4B-00C04F79EFBC}") = "Eventuous.Diagnostics.OpenTelemetry", "src\Diagnostics\src\Eventuous.Diagnostics.OpenTelemetry\Eventuous.Diagnostics.OpenTelemetry.csproj", "{6D3C6FF6-4DCE-426C-8479-5163A74B9701}"
EndProject
Project("{2150E333-8FDC-42A3-9474-1A3956D46DE8}") = "test", "test", "{24ECCCA7-CE26-4A68-9347-78FC94A1238C}"
EndProject
Project("{FAE04EC0-301F-11D3-BF4B-00C04F79EFBC}") = "Eventuous.Tests.OpenTelemetry", "src\Diagnostics\test\Eventuous.Tests.OpenTelemetry\Eventuous.Tests.OpenTelemetry.csproj", "{D4A5BE66-9406-4971-A59E-257DE26B5764}"
EndProject
Project("{FAE04EC0-301F-11D3-BF4B-00C04F79EFBC}") = "Eventuous.TestHelpers", "test\Eventuous.TestHelpers\Eventuous.TestHelpers.csproj", "{A61E8167-FB7D-4E23-9EBB-98DFB873B546}"
EndProject
Project("{2150E333-8FDC-42A3-9474-1A3956D46DE8}") = "Extensions", "Extensions", "{5D307F4D-60AF-433A-B27D-3FD854D902CC}"
EndProject
Project("{FAE04EC0-301F-11D3-BF4B-00C04F79EFBC}") = "Eventuous.Subscriptions.Polly", "src\Extensions\src\Eventuous.Subscriptions.Polly\Eventuous.Subscriptions.Polly.csproj", "{C36E8607-3CEA-4307-B82D-6843254D9627}"
EndProject
Project("{2150E333-8FDC-42A3-9474-1A3956D46DE8}") = "src", "src", "{2B7F84B7-C0E5-408F-ABAF-BF23C8305486}"
EndProject
Project("{FAE04EC0-301F-11D3-BF4B-00C04F79EFBC}") = "Eventuous.Diagnostics.Logging", "src\Diagnostics\src\Eventuous.Diagnostics.Logging\Eventuous.Diagnostics.Logging.csproj", "{2E59CE25-FA58-418C-B1FD-9BF974710F9F}"
EndProject
Project("{FAE04EC0-301F-11D3-BF4B-00C04F79EFBC}") = "Eventuous.Tests.Projections.MongoDB", "src\Mongo\test\Eventuous.Tests.Projections.MongoDB\Eventuous.Tests.Projections.MongoDB.csproj", "{0070EA3B-5244-4AAF-B59F-D1746C9296AC}"
EndProject
Project("{2150E333-8FDC-42A3-9474-1A3956D46DE8}") = "test", "test", "{CCD807D2-F4F2-4EC2-A03D-8943F73993A6}"
EndProject
Project("{FAE04EC0-301F-11D3-BF4B-00C04F79EFBC}") = "Eventuous.AspNetCore", "src\Extensions\src\Eventuous.AspNetCore\Eventuous.AspNetCore.csproj", "{C542AD32-4160-407B-B4CE-3B7CE6E8B159}"
EndProject
Project("{FAE04EC0-301F-11D3-BF4B-00C04F79EFBC}") = "Eventuous.AspNetCore.Web", "src\Extensions\src\Eventuous.AspNetCore.Web\Eventuous.AspNetCore.Web.csproj", "{E387CC89-42B6-40BD-800B-C369AE971FCC}"
EndProject
Project("{2150E333-8FDC-42A3-9474-1A3956D46DE8}") = "Experimental", "Experimental", "{B64D59D5-7935-4DFC-8D90-D6EF3D6F2ABA}"
EndProject
Project("{2150E333-8FDC-42A3-9474-1A3956D46DE8}") = "src", "src", "{0E2520E7-B4A6-47E7-AED8-662C88441A84}"
EndProject
Project("{FAE04EC0-301F-11D3-BF4B-00C04F79EFBC}") = "Eventuous.Spyglass", "src\Experimental\src\Eventuous.Spyglass\Eventuous.Spyglass.csproj", "{F63DCF76-908F-4F4C-B8A7-4CA4EC34F6C9}"
EndProject
Project("{FAE04EC0-301F-11D3-BF4B-00C04F79EFBC}") = "Eventuous.ElasticSearch", "src\Experimental\src\Eventuous.ElasticSearch\Eventuous.ElasticSearch.csproj", "{8B9741E1-EB6A-40C9-B30D-0549A1849B9D}"
EndProject
Project("{FAE04EC0-301F-11D3-BF4B-00C04F79EFBC}") = "ElasticPlayground", "src\Experimental\src\ElasticPlayground\ElasticPlayground.csproj", "{5555BC0B-418C-49A3-BD68-ADCEBCC518E4}"
EndProject
Project("{FAE04EC0-301F-11D3-BF4B-00C04F79EFBC}") = "Eventuous.Tests.AspNetCore", "src\Extensions\test\Eventuous.Tests.AspNetCore\Eventuous.Tests.AspNetCore.csproj", "{152E27CE-35F1-4F65-B53A-C7B710F1B310}"
EndProject
Project("{FAE04EC0-301F-11D3-BF4B-00C04F79EFBC}") = "Eventuous.Tests.AspNetCore.Web", "src\Extensions\test\Eventuous.Tests.AspNetCore.Web\Eventuous.Tests.AspNetCore.Web.csproj", "{B3F782EE-FBEF-47E2-8379-8A91B11363B8}"
EndProject
Project("{FAE04EC0-301F-11D3-BF4B-00C04F79EFBC}") = "Eventuous.Sut.AspNetCore", "src\Extensions\test\Eventuous.Sut.AspNetCore\Eventuous.Sut.AspNetCore.csproj", "{1C1033D6-059B-4CEE-A7D8-9EE470053145}"
EndProject
Project("{2150E333-8FDC-42A3-9474-1A3956D46DE8}") = "Kafka", "Kafka", "{6E545DFE-FE70-4486-92E0-E47E86E66210}"
EndProject
Project("{2150E333-8FDC-42A3-9474-1A3956D46DE8}") = "src", "src", "{00A23BA2-3D94-4498-BE3A-F44B2B7E5996}"
EndProject
Project("{FAE04EC0-301F-11D3-BF4B-00C04F79EFBC}") = "Eventuous.Kafka", "src\Kafka\src\Eventuous.Kafka\Eventuous.Kafka.csproj", "{E05C6B72-71FC-4889-A631-6909CFBFB6F6}"
EndProject
Project("{2150E333-8FDC-42A3-9474-1A3956D46DE8}") = "test", "test", "{6D487B3B-5B3E-4656-9E29-0B3FA3834B24}"
EndProject
Project("{FAE04EC0-301F-11D3-BF4B-00C04F79EFBC}") = "Eventuous.Tests.Kafka", "src\Kafka\test\Eventuous.Tests.Kafka\Eventuous.Tests.Kafka.csproj", "{12D95816-F924-40A5-AF3C-35FE9626F424}"
EndProject
Project("{FAE04EC0-301F-11D3-BF4B-00C04F79EFBC}") = "Eventuous.Gateway", "src\Gateway\src\Eventuous.Gateway\Eventuous.Gateway.csproj", "{E3D5B654-C68D-456B-8535-A9C38D37DFD2}"
EndProject
Project("{FAE04EC0-301F-11D3-BF4B-00C04F79EFBC}") = "Eventuous.Gateway.Tests", "src\Gateway\test\Eventuous.Gateway.Tests\Eventuous.Gateway.Tests.csproj", "{F89E7F27-D198-41DD-AC24-79709EF07537}"
EndProject
Project("{FAE04EC0-301F-11D3-BF4B-00C04F79EFBC}") = "Eventuous.Connectors.Base", "src\Gateway\src\Eventuous.Connectors.Base\Eventuous.Connectors.Base.csproj", "{93E90DD3-AFFD-4750-BDE5-47DB0E257761}"
EndProject
Global
	GlobalSection(SolutionConfigurationPlatforms) = preSolution
		Debug|Any CPU = Debug|Any CPU
		Release|Any CPU = Release|Any CPU
	EndGlobalSection
	GlobalSection(ProjectConfigurationPlatforms) = postSolution
		{7494C655-CC42-447C-A2D3-97408F17CCC1}.Debug|Any CPU.ActiveCfg = Debug|Any CPU
		{7494C655-CC42-447C-A2D3-97408F17CCC1}.Debug|Any CPU.Build.0 = Debug|Any CPU
		{7494C655-CC42-447C-A2D3-97408F17CCC1}.Release|Any CPU.ActiveCfg = Release|Any CPU
		{7494C655-CC42-447C-A2D3-97408F17CCC1}.Release|Any CPU.Build.0 = Release|Any CPU
		{0649460A-DE39-4AD4-996A-7104E28C68FB}.Debug|Any CPU.ActiveCfg = Debug|Any CPU
		{0649460A-DE39-4AD4-996A-7104E28C68FB}.Debug|Any CPU.Build.0 = Debug|Any CPU
		{0649460A-DE39-4AD4-996A-7104E28C68FB}.Release|Any CPU.ActiveCfg = Release|Any CPU
		{0649460A-DE39-4AD4-996A-7104E28C68FB}.Release|Any CPU.Build.0 = Release|Any CPU
		{BD44B15F-4131-4A59-B17E-1E2E81D81B86}.Debug|Any CPU.ActiveCfg = Debug|Any CPU
		{BD44B15F-4131-4A59-B17E-1E2E81D81B86}.Debug|Any CPU.Build.0 = Debug|Any CPU
		{BD44B15F-4131-4A59-B17E-1E2E81D81B86}.Release|Any CPU.ActiveCfg = Release|Any CPU
		{BD44B15F-4131-4A59-B17E-1E2E81D81B86}.Release|Any CPU.Build.0 = Release|Any CPU
		{D89AB806-DD31-428F-917D-924134A4E4D7}.Debug|Any CPU.ActiveCfg = Debug|Any CPU
		{D89AB806-DD31-428F-917D-924134A4E4D7}.Debug|Any CPU.Build.0 = Debug|Any CPU
		{D89AB806-DD31-428F-917D-924134A4E4D7}.Release|Any CPU.ActiveCfg = Release|Any CPU
		{D89AB806-DD31-428F-917D-924134A4E4D7}.Release|Any CPU.Build.0 = Release|Any CPU
		{B15AE3DB-46D6-4E6D-A978-E3497DB2AEFA}.Debug|Any CPU.ActiveCfg = Debug|Any CPU
		{B15AE3DB-46D6-4E6D-A978-E3497DB2AEFA}.Debug|Any CPU.Build.0 = Debug|Any CPU
		{B15AE3DB-46D6-4E6D-A978-E3497DB2AEFA}.Release|Any CPU.ActiveCfg = Release|Any CPU
		{B15AE3DB-46D6-4E6D-A978-E3497DB2AEFA}.Release|Any CPU.Build.0 = Release|Any CPU
		{D5368B75-2F45-4D13-8A82-D02EB4C648F5}.Debug|Any CPU.ActiveCfg = Debug|Any CPU
		{D5368B75-2F45-4D13-8A82-D02EB4C648F5}.Debug|Any CPU.Build.0 = Debug|Any CPU
		{D5368B75-2F45-4D13-8A82-D02EB4C648F5}.Release|Any CPU.ActiveCfg = Release|Any CPU
		{D5368B75-2F45-4D13-8A82-D02EB4C648F5}.Release|Any CPU.Build.0 = Release|Any CPU
		{778F0EB8-F780-43B3-9940-118B970D50FC}.Debug|Any CPU.ActiveCfg = Debug|Any CPU
		{778F0EB8-F780-43B3-9940-118B970D50FC}.Debug|Any CPU.Build.0 = Debug|Any CPU
		{778F0EB8-F780-43B3-9940-118B970D50FC}.Release|Any CPU.ActiveCfg = Release|Any CPU
		{778F0EB8-F780-43B3-9940-118B970D50FC}.Release|Any CPU.Build.0 = Release|Any CPU
		{135075B3-AAE5-4C13-87F6-BF3ECF108B37}.Debug|Any CPU.ActiveCfg = Debug|Any CPU
		{135075B3-AAE5-4C13-87F6-BF3ECF108B37}.Debug|Any CPU.Build.0 = Debug|Any CPU
		{135075B3-AAE5-4C13-87F6-BF3ECF108B37}.Release|Any CPU.ActiveCfg = Release|Any CPU
		{135075B3-AAE5-4C13-87F6-BF3ECF108B37}.Release|Any CPU.Build.0 = Release|Any CPU
		{151A0839-2B1F-49D6-B5DD-199A5FAAB610}.Debug|Any CPU.ActiveCfg = Debug|Any CPU
		{151A0839-2B1F-49D6-B5DD-199A5FAAB610}.Debug|Any CPU.Build.0 = Debug|Any CPU
		{151A0839-2B1F-49D6-B5DD-199A5FAAB610}.Release|Any CPU.ActiveCfg = Release|Any CPU
		{151A0839-2B1F-49D6-B5DD-199A5FAAB610}.Release|Any CPU.Build.0 = Release|Any CPU
		{09805579-49ED-4B07-B498-047B00DEBCCF}.Debug|Any CPU.ActiveCfg = Debug|Any CPU
		{09805579-49ED-4B07-B498-047B00DEBCCF}.Debug|Any CPU.Build.0 = Debug|Any CPU
		{09805579-49ED-4B07-B498-047B00DEBCCF}.Release|Any CPU.ActiveCfg = Release|Any CPU
		{09805579-49ED-4B07-B498-047B00DEBCCF}.Release|Any CPU.Build.0 = Release|Any CPU
		{BE63EFFE-4F43-47C0-B91C-19C3FF3CE5D1}.Debug|Any CPU.ActiveCfg = Debug|Any CPU
		{BE63EFFE-4F43-47C0-B91C-19C3FF3CE5D1}.Debug|Any CPU.Build.0 = Debug|Any CPU
		{BE63EFFE-4F43-47C0-B91C-19C3FF3CE5D1}.Release|Any CPU.ActiveCfg = Release|Any CPU
		{BE63EFFE-4F43-47C0-B91C-19C3FF3CE5D1}.Release|Any CPU.Build.0 = Release|Any CPU
		{D7E4AE22-6512-401D-A6FF-F607B458F439}.Debug|Any CPU.ActiveCfg = Debug|Any CPU
		{D7E4AE22-6512-401D-A6FF-F607B458F439}.Debug|Any CPU.Build.0 = Debug|Any CPU
		{D7E4AE22-6512-401D-A6FF-F607B458F439}.Release|Any CPU.ActiveCfg = Release|Any CPU
		{D7E4AE22-6512-401D-A6FF-F607B458F439}.Release|Any CPU.Build.0 = Release|Any CPU
		{F278E2EF-807A-47A8-9D6B-7BBF407F77FA}.Debug|Any CPU.ActiveCfg = Debug|Any CPU
		{F278E2EF-807A-47A8-9D6B-7BBF407F77FA}.Debug|Any CPU.Build.0 = Debug|Any CPU
		{F278E2EF-807A-47A8-9D6B-7BBF407F77FA}.Release|Any CPU.ActiveCfg = Release|Any CPU
		{F278E2EF-807A-47A8-9D6B-7BBF407F77FA}.Release|Any CPU.Build.0 = Release|Any CPU
		{8253B734-F0F7-4F47-9955-90D43B02CBFA}.Debug|Any CPU.ActiveCfg = Debug|Any CPU
		{8253B734-F0F7-4F47-9955-90D43B02CBFA}.Debug|Any CPU.Build.0 = Debug|Any CPU
		{8253B734-F0F7-4F47-9955-90D43B02CBFA}.Release|Any CPU.ActiveCfg = Release|Any CPU
		{8253B734-F0F7-4F47-9955-90D43B02CBFA}.Release|Any CPU.Build.0 = Release|Any CPU
		{37E68C45-74AA-4103-A03A-BA8189873884}.Debug|Any CPU.ActiveCfg = Debug|Any CPU
		{37E68C45-74AA-4103-A03A-BA8189873884}.Debug|Any CPU.Build.0 = Debug|Any CPU
		{37E68C45-74AA-4103-A03A-BA8189873884}.Release|Any CPU.ActiveCfg = Release|Any CPU
		{37E68C45-74AA-4103-A03A-BA8189873884}.Release|Any CPU.Build.0 = Release|Any CPU
		{B07B30E3-0028-4068-AAF4-9E20DD35BA8D}.Debug|Any CPU.ActiveCfg = Debug|Any CPU
		{B07B30E3-0028-4068-AAF4-9E20DD35BA8D}.Debug|Any CPU.Build.0 = Debug|Any CPU
		{B07B30E3-0028-4068-AAF4-9E20DD35BA8D}.Release|Any CPU.ActiveCfg = Release|Any CPU
		{B07B30E3-0028-4068-AAF4-9E20DD35BA8D}.Release|Any CPU.Build.0 = Release|Any CPU
		{487F21BD-1B70-4BDD-B970-4A9DFBA99A65}.Debug|Any CPU.ActiveCfg = Debug|Any CPU
		{487F21BD-1B70-4BDD-B970-4A9DFBA99A65}.Debug|Any CPU.Build.0 = Debug|Any CPU
		{487F21BD-1B70-4BDD-B970-4A9DFBA99A65}.Release|Any CPU.ActiveCfg = Release|Any CPU
		{487F21BD-1B70-4BDD-B970-4A9DFBA99A65}.Release|Any CPU.Build.0 = Release|Any CPU
		{0BE1EE5E-3E12-48C4-8510-9A08C6E0872D}.Debug|Any CPU.ActiveCfg = Debug|Any CPU
		{0BE1EE5E-3E12-48C4-8510-9A08C6E0872D}.Debug|Any CPU.Build.0 = Debug|Any CPU
		{0BE1EE5E-3E12-48C4-8510-9A08C6E0872D}.Release|Any CPU.ActiveCfg = Release|Any CPU
		{0BE1EE5E-3E12-48C4-8510-9A08C6E0872D}.Release|Any CPU.Build.0 = Release|Any CPU
		{8E74DA60-D1DA-45D1-83C5-2F7262E6D342}.Debug|Any CPU.ActiveCfg = Debug|Any CPU
		{8E74DA60-D1DA-45D1-83C5-2F7262E6D342}.Debug|Any CPU.Build.0 = Debug|Any CPU
		{8E74DA60-D1DA-45D1-83C5-2F7262E6D342}.Release|Any CPU.ActiveCfg = Release|Any CPU
		{8E74DA60-D1DA-45D1-83C5-2F7262E6D342}.Release|Any CPU.Build.0 = Release|Any CPU
		{D2F96634-E2F4-4BFB-8C31-DC396C8B13F6}.Debug|Any CPU.ActiveCfg = Debug|Any CPU
		{D2F96634-E2F4-4BFB-8C31-DC396C8B13F6}.Debug|Any CPU.Build.0 = Debug|Any CPU
		{D2F96634-E2F4-4BFB-8C31-DC396C8B13F6}.Release|Any CPU.ActiveCfg = Release|Any CPU
		{D2F96634-E2F4-4BFB-8C31-DC396C8B13F6}.Release|Any CPU.Build.0 = Release|Any CPU
		{6D3C6FF6-4DCE-426C-8479-5163A74B9701}.Debug|Any CPU.ActiveCfg = Debug|Any CPU
		{6D3C6FF6-4DCE-426C-8479-5163A74B9701}.Debug|Any CPU.Build.0 = Debug|Any CPU
		{6D3C6FF6-4DCE-426C-8479-5163A74B9701}.Release|Any CPU.ActiveCfg = Release|Any CPU
		{6D3C6FF6-4DCE-426C-8479-5163A74B9701}.Release|Any CPU.Build.0 = Release|Any CPU
		{D4A5BE66-9406-4971-A59E-257DE26B5764}.Debug|Any CPU.ActiveCfg = Debug|Any CPU
		{D4A5BE66-9406-4971-A59E-257DE26B5764}.Debug|Any CPU.Build.0 = Debug|Any CPU
		{D4A5BE66-9406-4971-A59E-257DE26B5764}.Release|Any CPU.ActiveCfg = Release|Any CPU
		{D4A5BE66-9406-4971-A59E-257DE26B5764}.Release|Any CPU.Build.0 = Release|Any CPU
		{A61E8167-FB7D-4E23-9EBB-98DFB873B546}.Debug|Any CPU.ActiveCfg = Debug|Any CPU
		{A61E8167-FB7D-4E23-9EBB-98DFB873B546}.Debug|Any CPU.Build.0 = Debug|Any CPU
		{A61E8167-FB7D-4E23-9EBB-98DFB873B546}.Release|Any CPU.ActiveCfg = Release|Any CPU
		{A61E8167-FB7D-4E23-9EBB-98DFB873B546}.Release|Any CPU.Build.0 = Release|Any CPU
		{C36E8607-3CEA-4307-B82D-6843254D9627}.Debug|Any CPU.ActiveCfg = Debug|Any CPU
		{C36E8607-3CEA-4307-B82D-6843254D9627}.Debug|Any CPU.Build.0 = Debug|Any CPU
		{C36E8607-3CEA-4307-B82D-6843254D9627}.Release|Any CPU.ActiveCfg = Release|Any CPU
		{C36E8607-3CEA-4307-B82D-6843254D9627}.Release|Any CPU.Build.0 = Release|Any CPU
		{2E59CE25-FA58-418C-B1FD-9BF974710F9F}.Debug|Any CPU.ActiveCfg = Debug|Any CPU
		{2E59CE25-FA58-418C-B1FD-9BF974710F9F}.Debug|Any CPU.Build.0 = Debug|Any CPU
		{2E59CE25-FA58-418C-B1FD-9BF974710F9F}.Release|Any CPU.ActiveCfg = Release|Any CPU
		{2E59CE25-FA58-418C-B1FD-9BF974710F9F}.Release|Any CPU.Build.0 = Release|Any CPU
		{0070EA3B-5244-4AAF-B59F-D1746C9296AC}.Debug|Any CPU.ActiveCfg = Debug|Any CPU
		{0070EA3B-5244-4AAF-B59F-D1746C9296AC}.Debug|Any CPU.Build.0 = Debug|Any CPU
		{0070EA3B-5244-4AAF-B59F-D1746C9296AC}.Release|Any CPU.ActiveCfg = Release|Any CPU
		{0070EA3B-5244-4AAF-B59F-D1746C9296AC}.Release|Any CPU.Build.0 = Release|Any CPU
		{C542AD32-4160-407B-B4CE-3B7CE6E8B159}.Debug|Any CPU.ActiveCfg = Debug|Any CPU
		{C542AD32-4160-407B-B4CE-3B7CE6E8B159}.Debug|Any CPU.Build.0 = Debug|Any CPU
		{C542AD32-4160-407B-B4CE-3B7CE6E8B159}.Release|Any CPU.ActiveCfg = Release|Any CPU
		{C542AD32-4160-407B-B4CE-3B7CE6E8B159}.Release|Any CPU.Build.0 = Release|Any CPU
		{E387CC89-42B6-40BD-800B-C369AE971FCC}.Debug|Any CPU.ActiveCfg = Debug|Any CPU
		{E387CC89-42B6-40BD-800B-C369AE971FCC}.Debug|Any CPU.Build.0 = Debug|Any CPU
		{E387CC89-42B6-40BD-800B-C369AE971FCC}.Release|Any CPU.ActiveCfg = Release|Any CPU
		{E387CC89-42B6-40BD-800B-C369AE971FCC}.Release|Any CPU.Build.0 = Release|Any CPU
		{F63DCF76-908F-4F4C-B8A7-4CA4EC34F6C9}.Debug|Any CPU.ActiveCfg = Debug|Any CPU
		{F63DCF76-908F-4F4C-B8A7-4CA4EC34F6C9}.Debug|Any CPU.Build.0 = Debug|Any CPU
		{F63DCF76-908F-4F4C-B8A7-4CA4EC34F6C9}.Release|Any CPU.ActiveCfg = Release|Any CPU
		{F63DCF76-908F-4F4C-B8A7-4CA4EC34F6C9}.Release|Any CPU.Build.0 = Release|Any CPU
		{8B9741E1-EB6A-40C9-B30D-0549A1849B9D}.Debug|Any CPU.ActiveCfg = Debug|Any CPU
		{8B9741E1-EB6A-40C9-B30D-0549A1849B9D}.Debug|Any CPU.Build.0 = Debug|Any CPU
		{8B9741E1-EB6A-40C9-B30D-0549A1849B9D}.Release|Any CPU.ActiveCfg = Release|Any CPU
		{8B9741E1-EB6A-40C9-B30D-0549A1849B9D}.Release|Any CPU.Build.0 = Release|Any CPU
		{5555BC0B-418C-49A3-BD68-ADCEBCC518E4}.Debug|Any CPU.ActiveCfg = Debug|Any CPU
		{5555BC0B-418C-49A3-BD68-ADCEBCC518E4}.Debug|Any CPU.Build.0 = Debug|Any CPU
		{5555BC0B-418C-49A3-BD68-ADCEBCC518E4}.Release|Any CPU.ActiveCfg = Release|Any CPU
		{5555BC0B-418C-49A3-BD68-ADCEBCC518E4}.Release|Any CPU.Build.0 = Release|Any CPU
		{152E27CE-35F1-4F65-B53A-C7B710F1B310}.Debug|Any CPU.ActiveCfg = Debug|Any CPU
		{152E27CE-35F1-4F65-B53A-C7B710F1B310}.Debug|Any CPU.Build.0 = Debug|Any CPU
		{152E27CE-35F1-4F65-B53A-C7B710F1B310}.Release|Any CPU.ActiveCfg = Release|Any CPU
		{152E27CE-35F1-4F65-B53A-C7B710F1B310}.Release|Any CPU.Build.0 = Release|Any CPU
		{B3F782EE-FBEF-47E2-8379-8A91B11363B8}.Debug|Any CPU.ActiveCfg = Debug|Any CPU
		{B3F782EE-FBEF-47E2-8379-8A91B11363B8}.Debug|Any CPU.Build.0 = Debug|Any CPU
		{B3F782EE-FBEF-47E2-8379-8A91B11363B8}.Release|Any CPU.ActiveCfg = Release|Any CPU
		{B3F782EE-FBEF-47E2-8379-8A91B11363B8}.Release|Any CPU.Build.0 = Release|Any CPU
		{1C1033D6-059B-4CEE-A7D8-9EE470053145}.Debug|Any CPU.ActiveCfg = Debug|Any CPU
		{1C1033D6-059B-4CEE-A7D8-9EE470053145}.Debug|Any CPU.Build.0 = Debug|Any CPU
		{1C1033D6-059B-4CEE-A7D8-9EE470053145}.Release|Any CPU.ActiveCfg = Release|Any CPU
		{1C1033D6-059B-4CEE-A7D8-9EE470053145}.Release|Any CPU.Build.0 = Release|Any CPU
		{E05C6B72-71FC-4889-A631-6909CFBFB6F6}.Debug|Any CPU.ActiveCfg = Debug|Any CPU
		{E05C6B72-71FC-4889-A631-6909CFBFB6F6}.Debug|Any CPU.Build.0 = Debug|Any CPU
		{E05C6B72-71FC-4889-A631-6909CFBFB6F6}.Release|Any CPU.ActiveCfg = Release|Any CPU
		{E05C6B72-71FC-4889-A631-6909CFBFB6F6}.Release|Any CPU.Build.0 = Release|Any CPU
		{12D95816-F924-40A5-AF3C-35FE9626F424}.Debug|Any CPU.ActiveCfg = Debug|Any CPU
		{12D95816-F924-40A5-AF3C-35FE9626F424}.Debug|Any CPU.Build.0 = Debug|Any CPU
		{12D95816-F924-40A5-AF3C-35FE9626F424}.Release|Any CPU.ActiveCfg = Release|Any CPU
		{12D95816-F924-40A5-AF3C-35FE9626F424}.Release|Any CPU.Build.0 = Release|Any CPU
		{E3D5B654-C68D-456B-8535-A9C38D37DFD2}.Debug|Any CPU.ActiveCfg = Debug|Any CPU
		{E3D5B654-C68D-456B-8535-A9C38D37DFD2}.Debug|Any CPU.Build.0 = Debug|Any CPU
		{E3D5B654-C68D-456B-8535-A9C38D37DFD2}.Release|Any CPU.ActiveCfg = Release|Any CPU
		{E3D5B654-C68D-456B-8535-A9C38D37DFD2}.Release|Any CPU.Build.0 = Release|Any CPU
		{F89E7F27-D198-41DD-AC24-79709EF07537}.Debug|Any CPU.ActiveCfg = Debug|Any CPU
		{F89E7F27-D198-41DD-AC24-79709EF07537}.Debug|Any CPU.Build.0 = Debug|Any CPU
		{F89E7F27-D198-41DD-AC24-79709EF07537}.Release|Any CPU.ActiveCfg = Release|Any CPU
		{F89E7F27-D198-41DD-AC24-79709EF07537}.Release|Any CPU.Build.0 = Release|Any CPU
		{93E90DD3-AFFD-4750-BDE5-47DB0E257761}.Debug|Any CPU.ActiveCfg = Debug|Any CPU
		{93E90DD3-AFFD-4750-BDE5-47DB0E257761}.Debug|Any CPU.Build.0 = Debug|Any CPU
		{93E90DD3-AFFD-4750-BDE5-47DB0E257761}.Release|Any CPU.ActiveCfg = Release|Any CPU
		{93E90DD3-AFFD-4750-BDE5-47DB0E257761}.Release|Any CPU.Build.0 = Release|Any CPU
	EndGlobalSection
	GlobalSection(NestedProjects) = preSolution
		{151A0839-2B1F-49D6-B5DD-199A5FAAB610} = {C60C6094-2A03-45B6-AB33-C514C35DF823}
		{09805579-49ED-4B07-B498-047B00DEBCCF} = {C60C6094-2A03-45B6-AB33-C514C35DF823}
		{37E68C45-74AA-4103-A03A-BA8189873884} = {C60C6094-2A03-45B6-AB33-C514C35DF823}
		{16DA7634-5696-49C2-BD9C-DC7F9BA3884F} = {2B253525-27CB-4B9A-ABD3-2D30A85DA4F5}
		{B1FCA74B-2491-42F0-A948-A692B9D90312} = {2B253525-27CB-4B9A-ABD3-2D30A85DA4F5}
		{BE63EFFE-4F43-47C0-B91C-19C3FF3CE5D1} = {16DA7634-5696-49C2-BD9C-DC7F9BA3884F}
		{D7E4AE22-6512-401D-A6FF-F607B458F439} = {B1FCA74B-2491-42F0-A948-A692B9D90312}
		{7BBD9F8E-EB6A-4E2D-84A9-AF15C1784401} = {240FB080-82CE-4ECA-BCA4-04F4FD6CDA92}
		{7494C655-CC42-447C-A2D3-97408F17CCC1} = {7BBD9F8E-EB6A-4E2D-84A9-AF15C1784401}
		{B15AE3DB-46D6-4E6D-A978-E3497DB2AEFA} = {7BBD9F8E-EB6A-4E2D-84A9-AF15C1784401}
		{D89AB806-DD31-428F-917D-924134A4E4D7} = {7BBD9F8E-EB6A-4E2D-84A9-AF15C1784401}
		{0ED6785B-60EF-46B4-B938-EF04189FC8BC} = {240FB080-82CE-4ECA-BCA4-04F4FD6CDA92}
		{BD44B15F-4131-4A59-B17E-1E2E81D81B86} = {0ED6785B-60EF-46B4-B938-EF04189FC8BC}
		{BCD7A6A8-C3BF-4ADA-8DA5-243B9053A839} = {4C265245-A432-4361-88B2-9A590A834527}
		{0649460A-DE39-4AD4-996A-7104E28C68FB} = {BCD7A6A8-C3BF-4ADA-8DA5-243B9053A839}
		{AA3D3779-C490-47DE-857D-1CD8A9F6A354} = {55396859-0971-4980-9B7F-59A1A5BD2B29}
		{A6762149-8450-468B-A28F-1D3F6E586247} = {2E59C5F8-3E5A-4450-B902-7648AD7ECC0F}
		{B07B30E3-0028-4068-AAF4-9E20DD35BA8D} = {A6762149-8450-468B-A28F-1D3F6E586247}
		{FF3040AA-E5FD-4A34-8E3B-70BAED38A988} = {2E59C5F8-3E5A-4450-B902-7648AD7ECC0F}
		{135075B3-AAE5-4C13-87F6-BF3ECF108B37} = {FF3040AA-E5FD-4A34-8E3B-70BAED38A988}
		{3F40E079-C493-47B1-B20A-9272732D6380} = {1970CA0D-C5E8-4384-8485-82D712289002}
		{39A42904-D23D-4A2A-96E4-D762B7C83F78} = {1970CA0D-C5E8-4384-8485-82D712289002}
		{487F21BD-1B70-4BDD-B970-4A9DFBA99A65} = {3F40E079-C493-47B1-B20A-9272732D6380}
		{0BE1EE5E-3E12-48C4-8510-9A08C6E0872D} = {39A42904-D23D-4A2A-96E4-D762B7C83F78}
		{C2C31C86-828F-4DBF-8EDA-C312C7BBB54B} = {55396859-0971-4980-9B7F-59A1A5BD2B29}
		{8E74DA60-D1DA-45D1-83C5-2F7262E6D342} = {0ED6785B-60EF-46B4-B938-EF04189FC8BC}
		{AD2B23E1-0CD1-44B5-82C3-64CA12841885} = {4C265245-A432-4361-88B2-9A590A834527}
		{A627C63B-8F19-4434-AC3E-D8AA012CB04A} = {8A48774A-3D8A-412B-AA4C-6FFB878E3053}
		{D2F96634-E2F4-4BFB-8C31-DC396C8B13F6} = {A627C63B-8F19-4434-AC3E-D8AA012CB04A}
		{6D3C6FF6-4DCE-426C-8479-5163A74B9701} = {A627C63B-8F19-4434-AC3E-D8AA012CB04A}
		{24ECCCA7-CE26-4A68-9347-78FC94A1238C} = {8A48774A-3D8A-412B-AA4C-6FFB878E3053}
		{D4A5BE66-9406-4971-A59E-257DE26B5764} = {24ECCCA7-CE26-4A68-9347-78FC94A1238C}
		{A61E8167-FB7D-4E23-9EBB-98DFB873B546} = {C60C6094-2A03-45B6-AB33-C514C35DF823}
		{2B7F84B7-C0E5-408F-ABAF-BF23C8305486} = {5D307F4D-60AF-433A-B27D-3FD854D902CC}
		{C36E8607-3CEA-4307-B82D-6843254D9627} = {2B7F84B7-C0E5-408F-ABAF-BF23C8305486}
		{2E59CE25-FA58-418C-B1FD-9BF974710F9F} = {A627C63B-8F19-4434-AC3E-D8AA012CB04A}
		{0070EA3B-5244-4AAF-B59F-D1746C9296AC} = {AD2B23E1-0CD1-44B5-82C3-64CA12841885}
		{CCD807D2-F4F2-4EC2-A03D-8943F73993A6} = {5D307F4D-60AF-433A-B27D-3FD854D902CC}
		{C542AD32-4160-407B-B4CE-3B7CE6E8B159} = {2B7F84B7-C0E5-408F-ABAF-BF23C8305486}
		{E387CC89-42B6-40BD-800B-C369AE971FCC} = {2B7F84B7-C0E5-408F-ABAF-BF23C8305486}
		{0E2520E7-B4A6-47E7-AED8-662C88441A84} = {B64D59D5-7935-4DFC-8D90-D6EF3D6F2ABA}
		{F63DCF76-908F-4F4C-B8A7-4CA4EC34F6C9} = {0E2520E7-B4A6-47E7-AED8-662C88441A84}
		{8B9741E1-EB6A-40C9-B30D-0549A1849B9D} = {0E2520E7-B4A6-47E7-AED8-662C88441A84}
		{5555BC0B-418C-49A3-BD68-ADCEBCC518E4} = {0E2520E7-B4A6-47E7-AED8-662C88441A84}
		{152E27CE-35F1-4F65-B53A-C7B710F1B310} = {CCD807D2-F4F2-4EC2-A03D-8943F73993A6}
		{B3F782EE-FBEF-47E2-8379-8A91B11363B8} = {CCD807D2-F4F2-4EC2-A03D-8943F73993A6}
		{1C1033D6-059B-4CEE-A7D8-9EE470053145} = {CCD807D2-F4F2-4EC2-A03D-8943F73993A6}
		{00A23BA2-3D94-4498-BE3A-F44B2B7E5996} = {6E545DFE-FE70-4486-92E0-E47E86E66210}
		{E05C6B72-71FC-4889-A631-6909CFBFB6F6} = {00A23BA2-3D94-4498-BE3A-F44B2B7E5996}
		{6D487B3B-5B3E-4656-9E29-0B3FA3834B24} = {6E545DFE-FE70-4486-92E0-E47E86E66210}
		{12D95816-F924-40A5-AF3C-35FE9626F424} = {6D487B3B-5B3E-4656-9E29-0B3FA3834B24}
		{E3D5B654-C68D-456B-8535-A9C38D37DFD2} = {AA3D3779-C490-47DE-857D-1CD8A9F6A354}
		{F89E7F27-D198-41DD-AC24-79709EF07537} = {C2C31C86-828F-4DBF-8EDA-C312C7BBB54B}
		{93E90DD3-AFFD-4750-BDE5-47DB0E257761} = {AA3D3779-C490-47DE-857D-1CD8A9F6A354}
	EndGlobalSection
EndGlobal
