
Microsoft Visual Studio Solution File, Format Version 12.00
Project("{FAE04EC0-301F-11D3-BF4B-00C04F79EFBC}") = "Eventuous", "src\Eventuous\Eventuous.csproj", "{7494C655-CC42-447C-A2D3-97408F17CCC1}"
EndProject
Project("{FAE04EC0-301F-11D3-BF4B-00C04F79EFBC}") = "Eventuous.EventStoreDB", "src\Eventuous.EventStoreDB\Eventuous.EventStoreDB.csproj", "{7C9EDFDD-967D-464D-9860-3D276511FAA7}"
EndProject
Project("{FAE04EC0-301F-11D3-BF4B-00C04F79EFBC}") = "Eventuous.Projections.MongoDB", "src\Eventuous.Projections.MongoDB\Eventuous.Projections.MongoDB.csproj", "{0649460A-DE39-4AD4-996A-7104E28C68FB}"
EndProject
Project("{FAE04EC0-301F-11D3-BF4B-00C04F79EFBC}") = "Eventuous.Subscriptions.EventStoreDB", "src\Eventuous.Subscriptions.EventStoreDB\Eventuous.Subscriptions.EventStoreDB.csproj", "{D343C1BE-6DBE-480B-B749-54407A7E1F49}"
EndProject
Project("{2150E333-8FDC-42A3-9474-1A3956D46DE8}") = "Tests", "Tests", "{C60C6094-2A03-45B6-AB33-C514C35DF823}"
EndProject
Project("{FAE04EC0-301F-11D3-BF4B-00C04F79EFBC}") = "Eventuous.Tests", "test\Eventuous.Tests\Eventuous.Tests.csproj", "{BD44B15F-4131-4A59-B17E-1E2E81D81B86}"
EndProject
Project("{FAE04EC0-301F-11D3-BF4B-00C04F79EFBC}") = "Eventuous.Subscriptions", "src\Eventuous.Subscriptions\Eventuous.Subscriptions.csproj", "{D89AB806-DD31-428F-917D-924134A4E4D7}"
EndProject
Global
	GlobalSection(SolutionConfigurationPlatforms) = preSolution
		Debug|Any CPU = Debug|Any CPU
		Release|Any CPU = Release|Any CPU
	EndGlobalSection
	GlobalSection(ProjectConfigurationPlatforms) = postSolution
		{7494C655-CC42-447C-A2D3-97408F17CCC1}.Debug|Any CPU.ActiveCfg = Debug|Any CPU
		{7494C655-CC42-447C-A2D3-97408F17CCC1}.Debug|Any CPU.Build.0 = Debug|Any CPU
		{7494C655-CC42-447C-A2D3-97408F17CCC1}.Release|Any CPU.ActiveCfg = Release|Any CPU
		{7494C655-CC42-447C-A2D3-97408F17CCC1}.Release|Any CPU.Build.0 = Release|Any CPU
		{7C9EDFDD-967D-464D-9860-3D276511FAA7}.Debug|Any CPU.ActiveCfg = Debug|Any CPU
		{7C9EDFDD-967D-464D-9860-3D276511FAA7}.Debug|Any CPU.Build.0 = Debug|Any CPU
		{7C9EDFDD-967D-464D-9860-3D276511FAA7}.Release|Any CPU.ActiveCfg = Release|Any CPU
		{7C9EDFDD-967D-464D-9860-3D276511FAA7}.Release|Any CPU.Build.0 = Release|Any CPU
		{0649460A-DE39-4AD4-996A-7104E28C68FB}.Debug|Any CPU.ActiveCfg = Debug|Any CPU
		{0649460A-DE39-4AD4-996A-7104E28C68FB}.Debug|Any CPU.Build.0 = Debug|Any CPU
		{0649460A-DE39-4AD4-996A-7104E28C68FB}.Release|Any CPU.ActiveCfg = Release|Any CPU
		{0649460A-DE39-4AD4-996A-7104E28C68FB}.Release|Any CPU.Build.0 = Release|Any CPU
		{D343C1BE-6DBE-480B-B749-54407A7E1F49}.Debug|Any CPU.ActiveCfg = Debug|Any CPU
		{D343C1BE-6DBE-480B-B749-54407A7E1F49}.Debug|Any CPU.Build.0 = Debug|Any CPU
		{D343C1BE-6DBE-480B-B749-54407A7E1F49}.Release|Any CPU.ActiveCfg = Release|Any CPU
		{D343C1BE-6DBE-480B-B749-54407A7E1F49}.Release|Any CPU.Build.0 = Release|Any CPU
		{BD44B15F-4131-4A59-B17E-1E2E81D81B86}.Debug|Any CPU.ActiveCfg = Debug|Any CPU
		{BD44B15F-4131-4A59-B17E-1E2E81D81B86}.Debug|Any CPU.Build.0 = Debug|Any CPU
		{BD44B15F-4131-4A59-B17E-1E2E81D81B86}.Release|Any CPU.ActiveCfg = Release|Any CPU
		{BD44B15F-4131-4A59-B17E-1E2E81D81B86}.Release|Any CPU.Build.0 = Release|Any CPU
		{D89AB806-DD31-428F-917D-924134A4E4D7}.Debug|Any CPU.ActiveCfg = Debug|Any CPU
		{D89AB806-DD31-428F-917D-924134A4E4D7}.Debug|Any CPU.Build.0 = Debug|Any CPU
		{D89AB806-DD31-428F-917D-924134A4E4D7}.Release|Any CPU.ActiveCfg = Release|Any CPU
		{D89AB806-DD31-428F-917D-924134A4E4D7}.Release|Any CPU.Build.0 = Release|Any CPU
	EndGlobalSection
	GlobalSection(NestedProjects) = preSolution
		{BD44B15F-4131-4A59-B17E-1E2E81D81B86} = {C60C6094-2A03-45B6-AB33-C514C35DF823}
	EndGlobalSection
EndGlobal
