{
  "version": 2,
  "dependencies": {
    "net6.0": {
      "JetBrains.Annotations": {
        "type": "Direct",
        "requested": "[2023.2.0, )",
        "resolved": "2023.2.0",
        "contentHash": "dvO//8aLmLRsCVVgoc/7qBqi2/y4BTyRcg20LCBWtK4n6E9Um06Zp7jF1n0hOE+yqBHwcrDzAjWvCaM3qH8flg=="
      },
      "Microsoft.SourceLink.GitHub": {
        "type": "Direct",
        "requested": "[1.1.1, )",
        "resolved": "1.1.1",
        "contentHash": "IaJGnOv/M7UQjRJks7B6p7pbPnOwisYGOIzqCz5ilGFTApZ3ktOR+6zJ12ZRPInulBmdAf1SrGdDG2MU8g6XTw==",
        "dependencies": {
          "Microsoft.Build.Tasks.Git": "1.1.1",
          "Microsoft.SourceLink.Common": "1.1.1"
        }
      },
      "MinVer": {
        "type": "Direct",
        "requested": "[4.3.0, )",
        "resolved": "4.3.0",
        "contentHash": "YNVAW3loCFW4kTwensApaZUl+7xREK75QQNOFSbsbXx2sCSm9/IHBjUHsJGn3u0UA5r/sAqrdYBNUlOFfLhUrA=="
      },
      "OpenTelemetry.Extensions.Hosting": {
        "type": "Direct",
        "requested": "[1.5.1, )",
        "resolved": "1.5.1",
        "contentHash": "cCYypDciv6k3AnOxeMpClH0T5tLG1sw+VwXDF2d3tbGdZCLt5CAn+/8pq/csun+DMrYDqxQM2MAfDmbBCE2S2w==",
        "dependencies": {
          "Microsoft.Extensions.Hosting.Abstractions": "2.1.0",
          "OpenTelemetry": "1.5.1"
        }
      },
      "Microsoft.Build.Tasks.Git": {
        "type": "Transitive",
        "resolved": "1.1.1",
        "contentHash": "AT3HlgTjsqHnWpBHSNeR0KxbLZD7bztlZVj7I8vgeYG9SYqbeFGh0TM/KVtC6fg53nrWHl3VfZFvb5BiQFcY6Q=="
      },
      "Microsoft.Extensions.Configuration.Abstractions": {
        "type": "Transitive",
        "resolved": "6.0.0",
        "contentHash": "qWzV9o+ZRWq+pGm+1dF+R7qTgTYoXvbyowRoBxQJGfqTpqDun2eteerjRQhq5PQ/14S+lqto3Ft4gYaRyl4rdQ==",
        "dependencies": {
          "Microsoft.Extensions.Primitives": "6.0.0"
        }
      },
      "Microsoft.Extensions.Configuration.Binder": {
        "type": "Transitive",
        "resolved": "3.1.0",
        "contentHash": "o9eELDBfNkR7sUtYysFZ1Q7BQ1mYt27DMkups/3vu7xgPyOpMD+iAfrBZFzUXT2iw0fmFb8s1gfNBZS+IgjKdQ==",
        "dependencies": {
          "Microsoft.Extensions.Configuration": "3.1.0"
        }
      },
      "Microsoft.Extensions.DependencyInjection": {
        "type": "Transitive",
        "resolved": "3.1.0",
        "contentHash": "KVkv3aF2MQpmGFRh4xRx2CNbc2sjDFk+lH4ySrjWSOS+XoY1Xc+sJphw3N0iYOpoeCCq8976ceVYDH8sdx2qIQ==",
        "dependencies": {
          "Microsoft.Extensions.DependencyInjection.Abstractions": "3.1.0"
        }
      },
      "Microsoft.Extensions.Diagnostics.HealthChecks.Abstractions": {
        "type": "Transitive",
        "resolved": "6.0.21",
        "contentHash": "5FSA1euCRtbRqVgTn2ahgCG9Cy29UQXAZMCJLUlrQQaC5rko0+d/aq9SiFGIDP7cvoWUsatrlNdfc6UyOMV5aA=="
      },
      "Microsoft.Extensions.FileProviders.Abstractions": {
        "type": "Transitive",
        "resolved": "6.0.0",
        "contentHash": "0pd4/fho0gC12rQswaGQxbU34jOS1TPS8lZPpkFCH68ppQjHNHYle9iRuHeev1LhrJ94YPvzcRd8UmIuFk23Qw==",
        "dependencies": {
          "Microsoft.Extensions.Primitives": "6.0.0"
        }
      },
      "Microsoft.Extensions.Logging.Configuration": {
        "type": "Transitive",
        "resolved": "3.1.0",
        "contentHash": "yW3nIoNM3T5iZg8bRViiCN4+vIU/02l+mlWSvKqWnr0Fd5Uk1zKdT9jBWKEcJhRIWKVWWSpFWXnM5yWoIAy1Eg==",
        "dependencies": {
          "Microsoft.Extensions.Logging": "3.1.0",
          "Microsoft.Extensions.Options.ConfigurationExtensions": "3.1.0"
        }
      },
      "Microsoft.Extensions.Options": {
        "type": "Transitive",
        "resolved": "6.0.0",
        "contentHash": "dzXN0+V1AyjOe2xcJ86Qbo233KHuLEY0njf/P2Kw8SfJU+d45HNS2ctJdnEnrWbM9Ye2eFgaC5Mj9otRMU6IsQ==",
        "dependencies": {
          "Microsoft.Extensions.DependencyInjection.Abstractions": "6.0.0",
          "Microsoft.Extensions.Primitives": "6.0.0"
        }
      },
      "Microsoft.Extensions.Primitives": {
        "type": "Transitive",
        "resolved": "6.0.0",
        "contentHash": "9+PnzmQFfEFNR9J2aDTfJGGupShHjOuGw4VUv+JB044biSHrnmCIMD+mJHmb2H7YryrfBEXDurxQ47gJZdCKNQ==",
        "dependencies": {
          "System.Runtime.CompilerServices.Unsafe": "6.0.0"
        }
      },
      "Microsoft.SourceLink.Common": {
        "type": "Transitive",
        "resolved": "1.1.1",
        "contentHash": "WMcGpWKrmJmzrNeuaEb23bEMnbtR/vLmvZtkAP5qWu7vQsY59GqfRJd65sFpBszbd2k/bQ8cs8eWawQKAabkVg=="
      },
      "OpenTelemetry": {
        "type": "Transitive",
        "resolved": "1.5.1",
        "contentHash": "bWTspK1v8OnYgGa84+o9pESro3uO5xsfw0CX8ZvuERxbGbvPO4rCcpL2Q36f3tjTORyDszVi8GIDMTCM9YUFZQ==",
        "dependencies": {
          "Microsoft.Extensions.Logging.Configuration": "3.1.0",
          "OpenTelemetry.Api.ProviderBuilderExtensions": "1.5.1"
        }
      },
      "OpenTelemetry.Api": {
        "type": "Transitive",
        "resolved": "1.5.1",
        "contentHash": "kSvofM5w4PXwINv2UBgyf248N1MQtUiy96q4PBmuEdtXAH6ooyhfu70JYYc/VpVTR4Eja91k7kHFlGtkHHy+Rg==",
        "dependencies": {
          "System.Diagnostics.DiagnosticSource": "7.0.0"
        }
      },
      "OpenTelemetry.Api.ProviderBuilderExtensions": {
        "type": "Transitive",
        "resolved": "1.5.1",
        "contentHash": "wX+eoSA3WLiAA7tpoDrv/EtvR7xOapAkMb1jZ0xn60wFJ+XnL5OKccbliCvb298hlCnk751BJUaZXASqL5MOnQ==",
        "dependencies": {
          "Microsoft.Extensions.DependencyInjection.Abstractions": "3.1.0",
          "OpenTelemetry.Api": "1.5.1"
        }
      },
      "System.Runtime.CompilerServices.Unsafe": {
        "type": "Transitive",
        "resolved": "6.0.0",
        "contentHash": "/iUeP3tq1S0XdNNoMz5C9twLSrM/TH+qElHkXWaPvuNOt+99G75NrV0OS2EqHx5wMN7popYjpc8oTjC1y16DLg=="
      },
      "eventuous.application": {
        "type": "Project",
        "dependencies": {
          "Eventuous.Domain": "[1.0.0, )",
          "Eventuous.Persistence": "[1.0.0, )"
        }
      },
      "eventuous.diagnostics": {
        "type": "Project",
        "dependencies": {
          "Eventuous.Shared": "[1.0.0, )"
        }
      },
      "eventuous.domain": {
        "type": "Project"
      },
      "eventuous.persistence": {
        "type": "Project",
        "dependencies": {
          "Eventuous.Diagnostics": "[1.0.0, )",
          "Eventuous.Domain": "[1.0.0, )",
          "Eventuous.Serialization": "[1.0.0, )",
          "Eventuous.Shared": "[1.0.0, )"
        }
      },
      "eventuous.serialization": {
        "type": "Project",
        "dependencies": {
          "Eventuous.Shared": "[1.0.0, )"
        }
      },
      "eventuous.shared": {
        "type": "Project",
        "dependencies": {
          "System.Diagnostics.DiagnosticSource": "[7.0.2, )"
        }
      },
      "eventuous.subscriptions": {
        "type": "Project",
        "dependencies": {
          "Eventuous.Diagnostics": "[1.0.0, )",
          "Eventuous.Serialization": "[1.0.0, )",
          "Microsoft.Extensions.Diagnostics.HealthChecks": "[6.0.21, 7.0.0)",
          "Microsoft.Extensions.Hosting.Abstractions": "[6.0.0, )",
          "System.Reactive": "[6.0.0, )"
        }
      },
      "Microsoft.Extensions.Configuration": {
        "type": "CentralTransitive",
        "requested": "[7.0.0, )",
        "resolved": "3.1.0",
        "contentHash": "Lu41BWNmwhKr6LgyQvcYBOge0pPvmiaK8R5UHXX4//wBhonJyWcT2OK1mqYfEM5G7pTf31fPrpIHOT6sN7EGOA==",
        "dependencies": {
          "Microsoft.Extensions.Configuration.Abstractions": "3.1.0"
        }
      },
      "Microsoft.Extensions.DependencyInjection.Abstractions": {
        "type": "CentralTransitive",
        "requested": "[6.0.0, )",
        "resolved": "6.0.0",
        "contentHash": "xlzi2IYREJH3/m6+lUrQlujzX8wDitm4QGnUu6kUXTQAWPuZY8i+ticFJbzfqaetLA6KR/rO6Ew/HuYD+bxifg=="
      },
      "Microsoft.Extensions.Diagnostics.HealthChecks": {
        "type": "CentralTransitive",
        "requested": "[6.0.21, 7.0.0)",
        "resolved": "6.0.21",
        "contentHash": "1Qf/tEg6IlzbvCxrc+pZE+ZGrajBdB/+V2+abeAu6lg8wXGHmO8JtnrNqwc5svSbcz3udxinUPyH3vw6ZujKbg==",
        "dependencies": {
          "Microsoft.Extensions.Diagnostics.HealthChecks.Abstractions": "6.0.21",
          "Microsoft.Extensions.Hosting.Abstractions": "6.0.0",
          "Microsoft.Extensions.Logging.Abstractions": "6.0.4",
          "Microsoft.Extensions.Options": "6.0.0"
        }
      },
      "Microsoft.Extensions.Hosting.Abstractions": {
        "type": "CentralTransitive",
        "requested": "[6.0.0, )",
        "resolved": "6.0.0",
        "contentHash": "GcT5l2CYXL6Sa27KCSh0TixsRfADUgth+ojQSD5EkzisZxmGFh7CwzkcYuGwvmXLjr27uWRNrJ2vuuEjMhU05Q==",
        "dependencies": {
          "Microsoft.Extensions.Configuration.Abstractions": "6.0.0",
          "Microsoft.Extensions.DependencyInjection.Abstractions": "6.0.0",
          "Microsoft.Extensions.FileProviders.Abstractions": "6.0.0"
        }
      },
      "Microsoft.Extensions.Logging": {
        "type": "CentralTransitive",
        "requested": "[6.0.0, )",
        "resolved": "3.1.0",
        "contentHash": "P+8sKQ8L4ooL79sxxqwFPxGGC3aBrUDLB/dZqhs4J0XjTyrkeeyJQ4D4nzJB6OnAhy78HIIgQ/RbD6upOXLynw==",
        "dependencies": {
          "Microsoft.Extensions.Configuration.Binder": "3.1.0",
          "Microsoft.Extensions.DependencyInjection": "3.1.0",
          "Microsoft.Extensions.Logging.Abstractions": "3.1.0",
          "Microsoft.Extensions.Options": "3.1.0"
        }
      },
      "Microsoft.Extensions.Logging.Abstractions": {
        "type": "CentralTransitive",
        "requested": "[6.0.0, )",
        "resolved": "6.0.4",
        "contentHash": "K14wYgwOfKVELrUh5eBqlC8Wvo9vvhS3ZhIvcswV2uS/ubkTRPSQsN557EZiYUSSoZNxizG+alN4wjtdyLdcyw=="
      },
      "Microsoft.Extensions.Options.ConfigurationExtensions": {
        "type": "CentralTransitive",
        "requested": "[7.0.0, )",
        "resolved": "3.1.0",
        "contentHash": "tx6gMKE3rDspA1YZT8SlQJmyt1BaBSl6mNjB3g0ZO6m3NnoavCifXkGeBuDk9Ae4XjW8C+dty52p+0u38jPRIQ==",
        "dependencies": {
          "Microsoft.Extensions.Configuration.Abstractions": "3.1.0",
          "Microsoft.Extensions.Configuration.Binder": "3.1.0",
          "Microsoft.Extensions.DependencyInjection.Abstractions": "3.1.0",
          "Microsoft.Extensions.Options": "3.1.0"
        }
      },
      "System.Diagnostics.DiagnosticSource": {
        "type": "CentralTransitive",
        "requested": "[7.0.2, )",
        "resolved": "7.0.2",
        "contentHash": "hYr3I9N9811e0Bjf2WNwAGGyTuAFbbTgX1RPLt/3Wbm68x3IGcX5Cl75CMmgT6WlNwLQ2tCCWfqYPpypjaf2xA==",
        "dependencies": {
          "System.Runtime.CompilerServices.Unsafe": "6.0.0"
        }
      },
      "System.Reactive": {
        "type": "CentralTransitive",
        "requested": "[6.0.0, )",
        "resolved": "6.0.0",
        "contentHash": "31kfaW4ZupZzPsI5PVe77VhnvFF55qgma7KZr/E0iFTs6fmdhhG8j0mgEx620iLTey1EynOkEfnyTjtNEpJzGw=="
      }
    },
    "net7.0": {
      "JetBrains.Annotations": {
        "type": "Direct",
        "requested": "[2023.2.0, )",
        "resolved": "2023.2.0",
        "contentHash": "dvO//8aLmLRsCVVgoc/7qBqi2/y4BTyRcg20LCBWtK4n6E9Um06Zp7jF1n0hOE+yqBHwcrDzAjWvCaM3qH8flg=="
      },
      "Microsoft.SourceLink.GitHub": {
        "type": "Direct",
        "requested": "[1.1.1, )",
        "resolved": "1.1.1",
        "contentHash": "IaJGnOv/M7UQjRJks7B6p7pbPnOwisYGOIzqCz5ilGFTApZ3ktOR+6zJ12ZRPInulBmdAf1SrGdDG2MU8g6XTw==",
        "dependencies": {
          "Microsoft.Build.Tasks.Git": "1.1.1",
          "Microsoft.SourceLink.Common": "1.1.1"
        }
      },
      "MinVer": {
        "type": "Direct",
        "requested": "[4.3.0, )",
        "resolved": "4.3.0",
        "contentHash": "YNVAW3loCFW4kTwensApaZUl+7xREK75QQNOFSbsbXx2sCSm9/IHBjUHsJGn3u0UA5r/sAqrdYBNUlOFfLhUrA=="
      },
      "OpenTelemetry.Extensions.Hosting": {
        "type": "Direct",
        "requested": "[1.5.1, )",
        "resolved": "1.5.1",
        "contentHash": "cCYypDciv6k3AnOxeMpClH0T5tLG1sw+VwXDF2d3tbGdZCLt5CAn+/8pq/csun+DMrYDqxQM2MAfDmbBCE2S2w==",
        "dependencies": {
          "Microsoft.Extensions.Hosting.Abstractions": "2.1.0",
          "OpenTelemetry": "1.5.1"
        }
      },
      "Microsoft.Build.Tasks.Git": {
        "type": "Transitive",
        "resolved": "1.1.1",
        "contentHash": "AT3HlgTjsqHnWpBHSNeR0KxbLZD7bztlZVj7I8vgeYG9SYqbeFGh0TM/KVtC6fg53nrWHl3VfZFvb5BiQFcY6Q=="
      },
      "Microsoft.Extensions.Configuration.Abstractions": {
        "type": "Transitive",
        "resolved": "7.0.0",
        "contentHash": "f34u2eaqIjNO9YLHBz8rozVZ+TcFiFs0F3r7nUJd7FRkVSxk8u4OpoK226mi49MwexHOR2ibP9MFvRUaLilcQQ==",
        "dependencies": {
          "Microsoft.Extensions.Primitives": "7.0.0"
        }
      },
      "Microsoft.Extensions.Configuration.Binder": {
        "type": "Transitive",
        "resolved": "3.1.0",
        "contentHash": "o9eELDBfNkR7sUtYysFZ1Q7BQ1mYt27DMkups/3vu7xgPyOpMD+iAfrBZFzUXT2iw0fmFb8s1gfNBZS+IgjKdQ==",
        "dependencies": {
          "Microsoft.Extensions.Configuration": "3.1.0"
        }
      },
      "Microsoft.Extensions.DependencyInjection": {
        "type": "Transitive",
        "resolved": "3.1.0",
        "contentHash": "KVkv3aF2MQpmGFRh4xRx2CNbc2sjDFk+lH4ySrjWSOS+XoY1Xc+sJphw3N0iYOpoeCCq8976ceVYDH8sdx2qIQ==",
        "dependencies": {
          "Microsoft.Extensions.DependencyInjection.Abstractions": "3.1.0"
        }
      },
      "Microsoft.Extensions.Diagnostics.HealthChecks.Abstractions": {
        "type": "Transitive",
        "resolved": "7.0.10",
        "contentHash": "1hgZxNv/VAdkfW0ML4qwkqJJH7WB3cMad12b/bkURiw8fPgJN4YWY/Bg+KvHGLBKnPAHNMwtbKbN2gz+/ZuJew=="
      },
      "Microsoft.Extensions.FileProviders.Abstractions": {
        "type": "Transitive",
        "resolved": "7.0.0",
        "contentHash": "NyawiW9ZT/liQb34k9YqBSNPLuuPkrjMgQZ24Y/xXX1RoiBkLUdPMaQTmxhZ5TYu8ZKZ9qayzil75JX95vGQUg==",
        "dependencies": {
          "Microsoft.Extensions.Primitives": "7.0.0"
        }
      },
      "Microsoft.Extensions.Logging.Configuration": {
        "type": "Transitive",
        "resolved": "3.1.0",
        "contentHash": "yW3nIoNM3T5iZg8bRViiCN4+vIU/02l+mlWSvKqWnr0Fd5Uk1zKdT9jBWKEcJhRIWKVWWSpFWXnM5yWoIAy1Eg==",
        "dependencies": {
          "Microsoft.Extensions.Logging": "3.1.0",
          "Microsoft.Extensions.Options.ConfigurationExtensions": "3.1.0"
        }
      },
      "Microsoft.Extensions.Options": {
        "type": "Transitive",
        "resolved": "7.0.1",
        "contentHash": "pZRDYdN1FpepOIfHU62QoBQ6zdAoTvnjxFfqAzEd9Jhb2dfhA5i6jeTdgGgcgTWFRC7oT0+3XrbQu4LjvgX1Nw==",
        "dependencies": {
          "Microsoft.Extensions.DependencyInjection.Abstractions": "7.0.0",
          "Microsoft.Extensions.Primitives": "7.0.0"
        }
      },
      "Microsoft.Extensions.Primitives": {
        "type": "Transitive",
        "resolved": "7.0.0",
        "contentHash": "um1KU5kxcRp3CNuI8o/GrZtD4AIOXDk+RLsytjZ9QPok3ttLUelLKpilVPuaFT3TFjOhSibUAso0odbOaCDj3Q=="
      },
      "Microsoft.SourceLink.Common": {
        "type": "Transitive",
        "resolved": "1.1.1",
        "contentHash": "WMcGpWKrmJmzrNeuaEb23bEMnbtR/vLmvZtkAP5qWu7vQsY59GqfRJd65sFpBszbd2k/bQ8cs8eWawQKAabkVg=="
      },
      "OpenTelemetry": {
        "type": "Transitive",
        "resolved": "1.5.1",
        "contentHash": "bWTspK1v8OnYgGa84+o9pESro3uO5xsfw0CX8ZvuERxbGbvPO4rCcpL2Q36f3tjTORyDszVi8GIDMTCM9YUFZQ==",
        "dependencies": {
          "Microsoft.Extensions.Logging.Configuration": "3.1.0",
          "OpenTelemetry.Api.ProviderBuilderExtensions": "1.5.1"
        }
      },
      "OpenTelemetry.Api": {
        "type": "Transitive",
        "resolved": "1.5.1",
        "contentHash": "kSvofM5w4PXwINv2UBgyf248N1MQtUiy96q4PBmuEdtXAH6ooyhfu70JYYc/VpVTR4Eja91k7kHFlGtkHHy+Rg==",
        "dependencies": {
          "System.Diagnostics.DiagnosticSource": "7.0.0"
        }
      },
      "OpenTelemetry.Api.ProviderBuilderExtensions": {
        "type": "Transitive",
        "resolved": "1.5.1",
        "contentHash": "wX+eoSA3WLiAA7tpoDrv/EtvR7xOapAkMb1jZ0xn60wFJ+XnL5OKccbliCvb298hlCnk751BJUaZXASqL5MOnQ==",
        "dependencies": {
          "Microsoft.Extensions.DependencyInjection.Abstractions": "3.1.0",
          "OpenTelemetry.Api": "1.5.1"
        }
      },
      "eventuous.application": {
        "type": "Project",
        "dependencies": {
          "Eventuous.Domain": "[1.0.0, )",
          "Eventuous.Persistence": "[1.0.0, )"
        }
      },
      "eventuous.diagnostics": {
        "type": "Project",
        "dependencies": {
          "Eventuous.Shared": "[1.0.0, )"
        }
      },
      "eventuous.domain": {
        "type": "Project"
      },
      "eventuous.persistence": {
        "type": "Project",
        "dependencies": {
          "Eventuous.Diagnostics": "[1.0.0, )",
          "Eventuous.Domain": "[1.0.0, )",
          "Eventuous.Serialization": "[1.0.0, )",
          "Eventuous.Shared": "[1.0.0, )"
        }
      },
      "eventuous.serialization": {
        "type": "Project",
        "dependencies": {
          "Eventuous.Shared": "[1.0.0, )"
        }
      },
      "eventuous.shared": {
        "type": "Project",
        "dependencies": {
          "System.Diagnostics.DiagnosticSource": "[7.0.2, )"
        }
      },
      "eventuous.subscriptions": {
        "type": "Project",
        "dependencies": {
          "Eventuous.Diagnostics": "[1.0.0, )",
          "Eventuous.Serialization": "[1.0.0, )",
          "Microsoft.Extensions.Diagnostics.HealthChecks": "[7.0.10, )",
          "Microsoft.Extensions.Hosting.Abstractions": "[7.0.0, )",
          "System.Reactive": "[6.0.0, )"
        }
      },
      "Microsoft.Extensions.Configuration": {
        "type": "CentralTransitive",
        "requested": "[7.0.0, )",
        "resolved": "3.1.0",
        "contentHash": "Lu41BWNmwhKr6LgyQvcYBOge0pPvmiaK8R5UHXX4//wBhonJyWcT2OK1mqYfEM5G7pTf31fPrpIHOT6sN7EGOA==",
        "dependencies": {
          "Microsoft.Extensions.Configuration.Abstractions": "3.1.0"
        }
      },
      "Microsoft.Extensions.DependencyInjection.Abstractions": {
        "type": "CentralTransitive",
        "requested": "[7.0.0, )",
        "resolved": "7.0.0",
        "contentHash": "h3j/QfmFN4S0w4C2A6X7arXij/M/OVw3uQHSOFxnND4DyAzO1F9eMX7Eti7lU/OkSthEE0WzRsfT/Dmx86jzCw=="
      },
      "Microsoft.Extensions.Diagnostics.HealthChecks": {
        "type": "CentralTransitive",
        "requested": "[7.0.10, )",
        "resolved": "7.0.10",
        "contentHash": "Pm+FUjNfeSJWnFhb+w4TeOv3b4JzqPgQyk5g8p4gJlWqhF9BaLlGFI7kK/MSUDFtcxvf4OjLdhubQ7C9KavsOg==",
        "dependencies": {
          "Microsoft.Extensions.Diagnostics.HealthChecks.Abstractions": "7.0.10",
          "Microsoft.Extensions.Hosting.Abstractions": "7.0.0",
          "Microsoft.Extensions.Logging.Abstractions": "7.0.1",
          "Microsoft.Extensions.Options": "7.0.1"
        }
      },
      "Microsoft.Extensions.Hosting.Abstractions": {
        "type": "CentralTransitive",
        "requested": "[7.0.0, )",
        "resolved": "7.0.0",
        "contentHash": "43n9Je09z0p/7ViPxfRqs5BUItRLNVh5b6JH40F2Agkh2NBsY/jpNYTtbCcxrHCsA3oRmbR6RJBzUutB4VZvNQ==",
        "dependencies": {
          "Microsoft.Extensions.Configuration.Abstractions": "7.0.0",
          "Microsoft.Extensions.DependencyInjection.Abstractions": "7.0.0",
          "Microsoft.Extensions.FileProviders.Abstractions": "7.0.0"
        }
      },
      "Microsoft.Extensions.Logging": {
        "type": "CentralTransitive",
        "requested": "[7.0.0, )",
        "resolved": "3.1.0",
        "contentHash": "P+8sKQ8L4ooL79sxxqwFPxGGC3aBrUDLB/dZqhs4J0XjTyrkeeyJQ4D4nzJB6OnAhy78HIIgQ/RbD6upOXLynw==",
        "dependencies": {
          "Microsoft.Extensions.Configuration.Binder": "3.1.0",
          "Microsoft.Extensions.DependencyInjection": "3.1.0",
          "Microsoft.Extensions.Logging.Abstractions": "3.1.0",
          "Microsoft.Extensions.Options": "3.1.0"
        }
      },
      "Microsoft.Extensions.Logging.Abstractions": {
        "type": "CentralTransitive",
        "requested": "[7.0.0, )",
        "resolved": "7.0.1",
        "contentHash": "pkeBFx0vqMW/A3aUVHh7MPu3WkBhaVlezhSZeb1c9XD0vUReYH1TLFSy5MxJgZfmz5LZzYoErMorlYZiwpOoNA=="
      },
      "Microsoft.Extensions.Options.ConfigurationExtensions": {
        "type": "CentralTransitive",
        "requested": "[7.0.0, )",
        "resolved": "3.1.0",
        "contentHash": "tx6gMKE3rDspA1YZT8SlQJmyt1BaBSl6mNjB3g0ZO6m3NnoavCifXkGeBuDk9Ae4XjW8C+dty52p+0u38jPRIQ==",
        "dependencies": {
          "Microsoft.Extensions.Configuration.Abstractions": "3.1.0",
          "Microsoft.Extensions.Configuration.Binder": "3.1.0",
          "Microsoft.Extensions.DependencyInjection.Abstractions": "3.1.0",
          "Microsoft.Extensions.Options": "3.1.0"
        }
      },
      "System.Diagnostics.DiagnosticSource": {
        "type": "CentralTransitive",
        "requested": "[7.0.2, )",
        "resolved": "7.0.2",
        "contentHash": "hYr3I9N9811e0Bjf2WNwAGGyTuAFbbTgX1RPLt/3Wbm68x3IGcX5Cl75CMmgT6WlNwLQ2tCCWfqYPpypjaf2xA=="
      },
      "System.Reactive": {
        "type": "CentralTransitive",
        "requested": "[6.0.0, )",
        "resolved": "6.0.0",
        "contentHash": "31kfaW4ZupZzPsI5PVe77VhnvFF55qgma7KZr/E0iFTs6fmdhhG8j0mgEx620iLTey1EynOkEfnyTjtNEpJzGw=="
      }
    }
  }
}